// !$*UTF8*$!
{
	archiveVersion = 1;
	classes = {
	};
	objectVersion = 56;
	objects = {

/* Begin PBXBuildFile section */
		CE5C75502A277061002D41A4 /* AppDelegate.swift in Sources */ = {isa = PBXBuildFile; fileRef = CE5C754F2A277061002D41A4 /* AppDelegate.swift */; };
		CE5C75522A277061002D41A4 /* SceneDelegate.swift in Sources */ = {isa = PBXBuildFile; fileRef = CE5C75512A277061002D41A4 /* SceneDelegate.swift */; };
		CE5C75542A277061002D41A4 /* CalculateViewController.swift in Sources */ = {isa = PBXBuildFile; fileRef = CE5C75532A277061002D41A4 /* CalculateViewController.swift */; };
		CE5C75572A277061002D41A4 /* Main.storyboard in Resources */ = {isa = PBXBuildFile; fileRef = CE5C75552A277061002D41A4 /* Main.storyboard */; };
		CE5C75592A277077002D41A4 /* Assets.xcassets in Resources */ = {isa = PBXBuildFile; fileRef = CE5C75582A277077002D41A4 /* Assets.xcassets */; };
		CE5C755C2A277077002D41A4 /* LaunchScreen.storyboard in Resources */ = {isa = PBXBuildFile; fileRef = CE5C755A2A277077002D41A4 /* LaunchScreen.storyboard */; };
		CE5C75672A277077002D41A4 /* BMI_CalculatorTests.swift in Sources */ = {isa = PBXBuildFile; fileRef = CE5C75662A277077002D41A4 /* BMI_CalculatorTests.swift */; };
		CE5C75712A277077002D41A4 /* BMI_CalculatorUITests.swift in Sources */ = {isa = PBXBuildFile; fileRef = CE5C75702A277077002D41A4 /* BMI_CalculatorUITests.swift */; };
		CE5C75732A277077002D41A4 /* BMI_CalculatorUITestsLaunchTests.swift in Sources */ = {isa = PBXBuildFile; fileRef = CE5C75722A277077002D41A4 /* BMI_CalculatorUITestsLaunchTests.swift */; };
		CEBF43A52A29FFD400A18B2D /* ResultViewController.swift in Sources */ = {isa = PBXBuildFile; fileRef = CEBF43A42A29FFD400A18B2D /* ResultViewController.swift */; };
		CEBF43A72A2A0E9000A18B2D /* BMIBrain.swift in Sources */ = {isa = PBXBuildFile; fileRef = CEBF43A62A2A0E9000A18B2D /* BMIBrain.swift */; };
		CEBF43A92A2A0F7B00A18B2D /* BMIData.swift in Sources */ = {isa = PBXBuildFile; fileRef = CEBF43A82A2A0F7B00A18B2D /* BMIData.swift */; };
/* End PBXBuildFile section */

/* Begin PBXContainerItemProxy section */
		CE5C75632A277077002D41A4 /* PBXContainerItemProxy */ = {
			isa = PBXContainerItemProxy;
			containerPortal = CE5C75442A277060002D41A4 /* Project object */;
			proxyType = 1;
			remoteGlobalIDString = CE5C754B2A277061002D41A4;
			remoteInfo = "BMI Calculator";
		};
		CE5C756D2A277077002D41A4 /* PBXContainerItemProxy */ = {
			isa = PBXContainerItemProxy;
			containerPortal = CE5C75442A277060002D41A4 /* Project object */;
			proxyType = 1;
			remoteGlobalIDString = CE5C754B2A277061002D41A4;
			remoteInfo = "BMI Calculator";
		};
/* End PBXContainerItemProxy section */

/* Begin PBXFileReference section */
		CE5C754C2A277061002D41A4 /* BMI Calculator.app */ = {isa = PBXFileReference; explicitFileType = wrapper.application; includeInIndex = 0; path = "BMI Calculator.app"; sourceTree = BUILT_PRODUCTS_DIR; };
		CE5C754F2A277061002D41A4 /* AppDelegate.swift */ = {isa = PBXFileReference; lastKnownFileType = sourcecode.swift; path = AppDelegate.swift; sourceTree = "<group>"; };
		CE5C75512A277061002D41A4 /* SceneDelegate.swift */ = {isa = PBXFileReference; lastKnownFileType = sourcecode.swift; path = SceneDelegate.swift; sourceTree = "<group>"; };
		CE5C75532A277061002D41A4 /* CalculateViewController.swift */ = {isa = PBXFileReference; lastKnownFileType = sourcecode.swift; path = CalculateViewController.swift; sourceTree = "<group>"; };
		CE5C75562A277061002D41A4 /* Base */ = {isa = PBXFileReference; lastKnownFileType = file.storyboard; name = Base; path = Base.lproj/Main.storyboard; sourceTree = "<group>"; };
		CE5C75582A277077002D41A4 /* Assets.xcassets */ = {isa = PBXFileReference; lastKnownFileType = folder.assetcatalog; path = Assets.xcassets; sourceTree = "<group>"; };
		CE5C755B2A277077002D41A4 /* Base */ = {isa = PBXFileReference; lastKnownFileType = file.storyboard; name = Base; path = Base.lproj/LaunchScreen.storyboard; sourceTree = "<group>"; };
		CE5C755D2A277077002D41A4 /* Info.plist */ = {isa = PBXFileReference; lastKnownFileType = text.plist.xml; path = Info.plist; sourceTree = "<group>"; };
		CE5C75622A277077002D41A4 /* BMI CalculatorTests.xctest */ = {isa = PBXFileReference; explicitFileType = wrapper.cfbundle; includeInIndex = 0; path = "BMI CalculatorTests.xctest"; sourceTree = BUILT_PRODUCTS_DIR; };
		CE5C75662A277077002D41A4 /* BMI_CalculatorTests.swift */ = {isa = PBXFileReference; lastKnownFileType = sourcecode.swift; path = BMI_CalculatorTests.swift; sourceTree = "<group>"; };
		CE5C756C2A277077002D41A4 /* BMI CalculatorUITests.xctest */ = {isa = PBXFileReference; explicitFileType = wrapper.cfbundle; includeInIndex = 0; path = "BMI CalculatorUITests.xctest"; sourceTree = BUILT_PRODUCTS_DIR; };
		CE5C75702A277077002D41A4 /* BMI_CalculatorUITests.swift */ = {isa = PBXFileReference; lastKnownFileType = sourcecode.swift; path = BMI_CalculatorUITests.swift; sourceTree = "<group>"; };
		CE5C75722A277077002D41A4 /* BMI_CalculatorUITestsLaunchTests.swift */ = {isa = PBXFileReference; lastKnownFileType = sourcecode.swift; path = BMI_CalculatorUITestsLaunchTests.swift; sourceTree = "<group>"; };
		CEBF43A42A29FFD400A18B2D /* ResultViewController.swift */ = {isa = PBXFileReference; lastKnownFileType = sourcecode.swift; path = ResultViewController.swift; sourceTree = "<group>"; };
		CEBF43A62A2A0E9000A18B2D /* BMIBrain.swift */ = {isa = PBXFileReference; lastKnownFileType = sourcecode.swift; path = BMIBrain.swift; sourceTree = "<group>"; };
		CEBF43A82A2A0F7B00A18B2D /* BMIData.swift */ = {isa = PBXFileReference; lastKnownFileType = sourcecode.swift; path = BMIData.swift; sourceTree = "<group>"; };
/* End PBXFileReference section */

/* Begin PBXFrameworksBuildPhase section */
		CE5C75492A277061002D41A4 /* Frameworks */ = {
			isa = PBXFrameworksBuildPhase;
			buildActionMask = 2147483647;
			files = (
			);
			runOnlyForDeploymentPostprocessing = 0;
		};
		CE5C755F2A277077002D41A4 /* Frameworks */ = {
			isa = PBXFrameworksBuildPhase;
			buildActionMask = 2147483647;
			files = (
			);
			runOnlyForDeploymentPostprocessing = 0;
		};
		CE5C75692A277077002D41A4 /* Frameworks */ = {
			isa = PBXFrameworksBuildPhase;
			buildActionMask = 2147483647;
			files = (
			);
			runOnlyForDeploymentPostprocessing = 0;
		};
/* End PBXFrameworksBuildPhase section */

/* Begin PBXGroup section */
		CE5C75432A277060002D41A4 = {
			isa = PBXGroup;
			children = (
				CE5C754E2A277061002D41A4 /* BMI Calculator */,
				CE5C75652A277077002D41A4 /* BMI CalculatorTests */,
				CE5C756F2A277077002D41A4 /* BMI CalculatorUITests */,
				CE5C754D2A277061002D41A4 /* Products */,
			);
			sourceTree = "<group>";
		};
		CE5C754D2A277061002D41A4 /* Products */ = {
			isa = PBXGroup;
			children = (
				CE5C754C2A277061002D41A4 /* BMI Calculator.app */,
				CE5C75622A277077002D41A4 /* BMI CalculatorTests.xctest */,
				CE5C756C2A277077002D41A4 /* BMI CalculatorUITests.xctest */,
			);
			name = Products;
			sourceTree = "<group>";
		};
		CE5C754E2A277061002D41A4 /* BMI Calculator */ = {
			isa = PBXGroup;
			children = (
				CE5C754F2A277061002D41A4 /* AppDelegate.swift */,
				CE5C75512A277061002D41A4 /* SceneDelegate.swift */,
				CEABD6942A287C7C0036F6D1 /* Model */,
				CEABD6932A2874E60036F6D1 /* View */,
				CEABD6922A2874D20036F6D1 /* Controllers */,
				CE5C75582A277077002D41A4 /* Assets.xcassets */,
				CE5C755A2A277077002D41A4 /* LaunchScreen.storyboard */,
				CE5C755D2A277077002D41A4 /* Info.plist */,
			);
			path = "BMI Calculator";
			sourceTree = "<group>";
		};
		CE5C75652A277077002D41A4 /* BMI CalculatorTests */ = {
			isa = PBXGroup;
			children = (
				CE5C75662A277077002D41A4 /* BMI_CalculatorTests.swift */,
			);
			path = "BMI CalculatorTests";
			sourceTree = "<group>";
		};
		CE5C756F2A277077002D41A4 /* BMI CalculatorUITests */ = {
			isa = PBXGroup;
			children = (
				CE5C75702A277077002D41A4 /* BMI_CalculatorUITests.swift */,
				CE5C75722A277077002D41A4 /* BMI_CalculatorUITestsLaunchTests.swift */,
			);
			path = "BMI CalculatorUITests";
			sourceTree = "<group>";
		};
		CEABD6922A2874D20036F6D1 /* Controllers */ = {
			isa = PBXGroup;
			children = (
				CE5C75532A277061002D41A4 /* CalculateViewController.swift */,
				CEBF43A42A29FFD400A18B2D /* ResultViewController.swift */,
			);
			path = Controllers;
			sourceTree = "<group>";
		};
		CEABD6932A2874E60036F6D1 /* View */ = {
			isa = PBXGroup;
			children = (
				CE5C75552A277061002D41A4 /* Main.storyboard */,
			);
			path = View;
			sourceTree = "<group>";
		};
		CEABD6942A287C7C0036F6D1 /* Model */ = {
			isa = PBXGroup;
			children = (
				CEBF43A62A2A0E9000A18B2D /* BMIBrain.swift */,
				CEBF43A82A2A0F7B00A18B2D /* BMIData.swift */,
			);
			path = Model;
			sourceTree = "<group>";
		};
/* End PBXGroup section */

/* Begin PBXNativeTarget section */
		CE5C754B2A277061002D41A4 /* BMI Calculator */ = {
			isa = PBXNativeTarget;
			buildConfigurationList = CE5C75762A277077002D41A4 /* Build configuration list for PBXNativeTarget "BMI Calculator" */;
			buildPhases = (
				CE5C75482A277061002D41A4 /* Sources */,
				CE5C75492A277061002D41A4 /* Frameworks */,
				CE5C754A2A277061002D41A4 /* Resources */,
			);
			buildRules = (
			);
			dependencies = (
			);
			name = "BMI Calculator";
			productName = "BMI Calculator";
			productReference = CE5C754C2A277061002D41A4 /* BMI Calculator.app */;
			productType = "com.apple.product-type.application";
		};
		CE5C75612A277077002D41A4 /* BMI CalculatorTests */ = {
			isa = PBXNativeTarget;
			buildConfigurationList = CE5C75792A277077002D41A4 /* Build configuration list for PBXNativeTarget "BMI CalculatorTests" */;
			buildPhases = (
				CE5C755E2A277077002D41A4 /* Sources */,
				CE5C755F2A277077002D41A4 /* Frameworks */,
				CE5C75602A277077002D41A4 /* Resources */,
			);
			buildRules = (
			);
			dependencies = (
				CE5C75642A277077002D41A4 /* PBXTargetDependency */,
			);
			name = "BMI CalculatorTests";
			productName = "BMI CalculatorTests";
			productReference = CE5C75622A277077002D41A4 /* BMI CalculatorTests.xctest */;
			productType = "com.apple.product-type.bundle.unit-test";
		};
		CE5C756B2A277077002D41A4 /* BMI CalculatorUITests */ = {
			isa = PBXNativeTarget;
			buildConfigurationList = CE5C757C2A277077002D41A4 /* Build configuration list for PBXNativeTarget "BMI CalculatorUITests" */;
			buildPhases = (
				CE5C75682A277077002D41A4 /* Sources */,
				CE5C75692A277077002D41A4 /* Frameworks */,
				CE5C756A2A277077002D41A4 /* Resources */,
			);
			buildRules = (
			);
			dependencies = (
				CE5C756E2A277077002D41A4 /* PBXTargetDependency */,
			);
			name = "BMI CalculatorUITests";
			productName = "BMI CalculatorUITests";
			productReference = CE5C756C2A277077002D41A4 /* BMI CalculatorUITests.xctest */;
			productType = "com.apple.product-type.bundle.ui-testing";
		};
/* End PBXNativeTarget section */

/* Begin PBXProject section */
		CE5C75442A277060002D41A4 /* Project object */ = {
			isa = PBXProject;
			attributes = {
				BuildIndependentTargetsInParallel = 1;
				LastSwiftUpdateCheck = 1410;
				LastUpgradeCheck = 1410;
				TargetAttributes = {
					CE5C754B2A277061002D41A4 = {
						CreatedOnToolsVersion = 14.1;
					};
					CE5C75612A277077002D41A4 = {
						CreatedOnToolsVersion = 14.1;
						TestTargetID = CE5C754B2A277061002D41A4;
					};
					CE5C756B2A277077002D41A4 = {
						CreatedOnToolsVersion = 14.1;
						TestTargetID = CE5C754B2A277061002D41A4;
					};
				};
			};
			buildConfigurationList = CE5C75472A277060002D41A4 /* Build configuration list for PBXProject "BMI Calculator" */;
			compatibilityVersion = "Xcode 14.0";
			developmentRegion = en;
			hasScannedForEncodings = 0;
			knownRegions = (
				en,
				Base,
			);
			mainGroup = CE5C75432A277060002D41A4;
			productRefGroup = CE5C754D2A277061002D41A4 /* Products */;
			projectDirPath = "";
			projectRoot = "";
			targets = (
				CE5C754B2A277061002D41A4 /* BMI Calculator */,
				CE5C75612A277077002D41A4 /* BMI CalculatorTests */,
				CE5C756B2A277077002D41A4 /* BMI CalculatorUITests */,
			);
		};
/* End PBXProject section */

/* Begin PBXResourcesBuildPhase section */
		CE5C754A2A277061002D41A4 /* Resources */ = {
			isa = PBXResourcesBuildPhase;
			buildActionMask = 2147483647;
			files = (
				CE5C755C2A277077002D41A4 /* LaunchScreen.storyboard in Resources */,
				CE5C75592A277077002D41A4 /* Assets.xcassets in Resources */,
				CE5C75572A277061002D41A4 /* Main.storyboard in Resources */,
			);
			runOnlyForDeploymentPostprocessing = 0;
		};
		CE5C75602A277077002D41A4 /* Resources */ = {
			isa = PBXResourcesBuildPhase;
			buildActionMask = 2147483647;
			files = (
			);
			runOnlyForDeploymentPostprocessing = 0;
		};
		CE5C756A2A277077002D41A4 /* Resources */ = {
			isa = PBXResourcesBuildPhase;
			buildActionMask = 2147483647;
			files = (
			);
			runOnlyForDeploymentPostprocessing = 0;
		};
/* End PBXResourcesBuildPhase section */

/* Begin PBXSourcesBuildPhase section */
		CE5C75482A277061002D41A4 /* Sources */ = {
			isa = PBXSourcesBuildPhase;
			buildActionMask = 2147483647;
			files = (
				CEBF43A92A2A0F7B00A18B2D /* BMIData.swift in Sources */,
				CE5C75542A277061002D41A4 /* CalculateViewController.swift in Sources */,
				CE5C75502A277061002D41A4 /* AppDelegate.swift in Sources */,
				CE5C75522A277061002D41A4 /* SceneDelegate.swift in Sources */,
				CEBF43A52A29FFD400A18B2D /* ResultViewController.swift in Sources */,
				CEBF43A72A2A0E9000A18B2D /* BMIBrain.swift in Sources */,
			);
			runOnlyForDeploymentPostprocessing = 0;
		};
		CE5C755E2A277077002D41A4 /* Sources */ = {
			isa = PBXSourcesBuildPhase;
			buildActionMask = 2147483647;
			files = (
				CE5C75672A277077002D41A4 /* BMI_CalculatorTests.swift in Sources */,
			);
			runOnlyForDeploymentPostprocessing = 0;
		};
		CE5C75682A277077002D41A4 /* Sources */ = {
			isa = PBXSourcesBuildPhase;
			buildActionMask = 2147483647;
			files = (
				CE5C75712A277077002D41A4 /* BMI_CalculatorUITests.swift in Sources */,
				CE5C75732A277077002D41A4 /* BMI_CalculatorUITestsLaunchTests.swift in Sources */,
			);
			runOnlyForDeploymentPostprocessing = 0;
		};
/* End PBXSourcesBuildPhase section */

/* Begin PBXTargetDependency section */
		CE5C75642A277077002D41A4 /* PBXTargetDependency */ = {
			isa = PBXTargetDependency;
			target = CE5C754B2A277061002D41A4 /* BMI Calculator */;
			targetProxy = CE5C75632A277077002D41A4 /* PBXContainerItemProxy */;
		};
		CE5C756E2A277077002D41A4 /* PBXTargetDependency */ = {
			isa = PBXTargetDependency;
			target = CE5C754B2A277061002D41A4 /* BMI Calculator */;
			targetProxy = CE5C756D2A277077002D41A4 /* PBXContainerItemProxy */;
		};
/* End PBXTargetDependency section */

/* Begin PBXVariantGroup section */
		CE5C75552A277061002D41A4 /* Main.storyboard */ = {
			isa = PBXVariantGroup;
			children = (
				CE5C75562A277061002D41A4 /* Base */,
			);
			name = Main.storyboard;
			sourceTree = "<group>";
		};
		CE5C755A2A277077002D41A4 /* LaunchScreen.storyboard */ = {
			isa = PBXVariantGroup;
			children = (
				CE5C755B2A277077002D41A4 /* Base */,
			);
			name = LaunchScreen.storyboard;
			sourceTree = "<group>";
		};
/* End PBXVariantGroup section */

/* Begin XCBuildConfiguration section */
		CE5C75742A277077002D41A4 /* Debug */ = {
			isa = XCBuildConfiguration;
			buildSettings = {
				ALWAYS_SEARCH_USER_PATHS = NO;
				CLANG_ANALYZER_NONNULL = YES;
				CLANG_ANALYZER_NUMBER_OBJECT_CONVERSION = YES_AGGRESSIVE;
				CLANG_CXX_LANGUAGE_STANDARD = "gnu++20";
				CLANG_ENABLE_MODULES = YES;
				CLANG_ENABLE_OBJC_ARC = YES;
				CLANG_ENABLE_OBJC_WEAK = YES;
				CLANG_WARN_BLOCK_CAPTURE_AUTORELEASING = YES;
				CLANG_WARN_BOOL_CONVERSION = YES;
				CLANG_WARN_COMMA = YES;
				CLANG_WARN_CONSTANT_CONVERSION = YES;
				CLANG_WARN_DEPRECATED_OBJC_IMPLEMENTATIONS = YES;
				CLANG_WARN_DIRECT_OBJC_ISA_USAGE = YES_ERROR;
				CLANG_WARN_DOCUMENTATION_COMMENTS = YES;
				CLANG_WARN_EMPTY_BODY = YES;
				CLANG_WARN_ENUM_CONVERSION = YES;
				CLANG_WARN_INFINITE_RECURSION = YES;
				CLANG_WARN_INT_CONVERSION = YES;
				CLANG_WARN_NON_LITERAL_NULL_CONVERSION = YES;
				CLANG_WARN_OBJC_IMPLICIT_RETAIN_SELF = YES;
				CLANG_WARN_OBJC_LITERAL_CONVERSION = YES;
				CLANG_WARN_OBJC_ROOT_CLASS = YES_ERROR;
				CLANG_WARN_QUOTED_INCLUDE_IN_FRAMEWORK_HEADER = YES;
				CLANG_WARN_RANGE_LOOP_ANALYSIS = YES;
				CLANG_WARN_STRICT_PROTOTYPES = YES;
				CLANG_WARN_SUSPICIOUS_MOVE = YES;
				CLANG_WARN_UNGUARDED_AVAILABILITY = YES_AGGRESSIVE;
				CLANG_WARN_UNREACHABLE_CODE = YES;
				CLANG_WARN__DUPLICATE_METHOD_MATCH = YES;
				COPY_PHASE_STRIP = NO;
				DEBUG_INFORMATION_FORMAT = dwarf;
				ENABLE_STRICT_OBJC_MSGSEND = YES;
				ENABLE_TESTABILITY = YES;
				GCC_C_LANGUAGE_STANDARD = gnu11;
				GCC_DYNAMIC_NO_PIC = NO;
				GCC_NO_COMMON_BLOCKS = YES;
				GCC_OPTIMIZATION_LEVEL = 0;
				GCC_PREPROCESSOR_DEFINITIONS = (
					"DEBUG=1",
					"$(inherited)",
				);
				GCC_WARN_64_TO_32_BIT_CONVERSION = YES;
				GCC_WARN_ABOUT_RETURN_TYPE = YES_ERROR;
				GCC_WARN_UNDECLARED_SELECTOR = YES;
				GCC_WARN_UNINITIALIZED_AUTOS = YES_AGGRESSIVE;
				GCC_WARN_UNUSED_FUNCTION = YES;
				GCC_WARN_UNUSED_VARIABLE = YES;
				IPHONEOS_DEPLOYMENT_TARGET = 16.1;
				MTL_ENABLE_DEBUG_INFO = INCLUDE_SOURCE;
				MTL_FAST_MATH = YES;
				ONLY_ACTIVE_ARCH = YES;
				SDKROOT = iphoneos;
				SWIFT_ACTIVE_COMPILATION_CONDITIONS = DEBUG;
				SWIFT_OPTIMIZATION_LEVEL = "-Onone";
			};
			name = Debug;
		};
		CE5C75752A277077002D41A4 /* Release */ = {
			isa = XCBuildConfiguration;
			buildSettings = {
				ALWAYS_SEARCH_USER_PATHS = NO;
				CLANG_ANALYZER_NONNULL = YES;
				CLANG_ANALYZER_NUMBER_OBJECT_CONVERSION = YES_AGGRESSIVE;
				CLANG_CXX_LANGUAGE_STANDARD = "gnu++20";
				CLANG_ENABLE_MODULES = YES;
				CLANG_ENABLE_OBJC_ARC = YES;
				CLANG_ENABLE_OBJC_WEAK = YES;
				CLANG_WARN_BLOCK_CAPTURE_AUTORELEASING = YES;
				CLANG_WARN_BOOL_CONVERSION = YES;
				CLANG_WARN_COMMA = YES;
				CLANG_WARN_CONSTANT_CONVERSION = YES;
				CLANG_WARN_DEPRECATED_OBJC_IMPLEMENTATIONS = YES;
				CLANG_WARN_DIRECT_OBJC_ISA_USAGE = YES_ERROR;
				CLANG_WARN_DOCUMENTATION_COMMENTS = YES;
				CLANG_WARN_EMPTY_BODY = YES;
				CLANG_WARN_ENUM_CONVERSION = YES;
				CLANG_WARN_INFINITE_RECURSION = YES;
				CLANG_WARN_INT_CONVERSION = YES;
				CLANG_WARN_NON_LITERAL_NULL_CONVERSION = YES;
				CLANG_WARN_OBJC_IMPLICIT_RETAIN_SELF = YES;
				CLANG_WARN_OBJC_LITERAL_CONVERSION = YES;
				CLANG_WARN_OBJC_ROOT_CLASS = YES_ERROR;
				CLANG_WARN_QUOTED_INCLUDE_IN_FRAMEWORK_HEADER = YES;
				CLANG_WARN_RANGE_LOOP_ANALYSIS = YES;
				CLANG_WARN_STRICT_PROTOTYPES = YES;
				CLANG_WARN_SUSPICIOUS_MOVE = YES;
				CLANG_WARN_UNGUARDED_AVAILABILITY = YES_AGGRESSIVE;
				CLANG_WARN_UNREACHABLE_CODE = YES;
				CLANG_WARN__DUPLICATE_METHOD_MATCH = YES;
				COPY_PHASE_STRIP = NO;
				DEBUG_INFORMATION_FORMAT = "dwarf-with-dsym";
				ENABLE_NS_ASSERTIONS = NO;
				ENABLE_STRICT_OBJC_MSGSEND = YES;
				GCC_C_LANGUAGE_STANDARD = gnu11;
				GCC_NO_COMMON_BLOCKS = YES;
				GCC_WARN_64_TO_32_BIT_CONVERSION = YES;
				GCC_WARN_ABOUT_RETURN_TYPE = YES_ERROR;
				GCC_WARN_UNDECLARED_SELECTOR = YES;
				GCC_WARN_UNINITIALIZED_AUTOS = YES_AGGRESSIVE;
				GCC_WARN_UNUSED_FUNCTION = YES;
				GCC_WARN_UNUSED_VARIABLE = YES;
				IPHONEOS_DEPLOYMENT_TARGET = 16.1;
				MTL_ENABLE_DEBUG_INFO = NO;
				MTL_FAST_MATH = YES;
				SDKROOT = iphoneos;
				SWIFT_COMPILATION_MODE = wholemodule;
				SWIFT_OPTIMIZATION_LEVEL = "-O";
				VALIDATE_PRODUCT = YES;
			};
			name = Release;
		};
		CE5C75772A277077002D41A4 /* Debug */ = {
			isa = XCBuildConfiguration;
			buildSettings = {
				ASSETCATALOG_COMPILER_APPICON_NAME = AppIcon;
				ASSETCATALOG_COMPILER_GLOBAL_ACCENT_COLOR_NAME = AccentColor;
				CODE_SIGN_STYLE = Automatic;
				CURRENT_PROJECT_VERSION = 1;
				GENERATE_INFOPLIST_FILE = YES;
				INFOPLIST_FILE = "BMI Calculator/Info.plist";
				INFOPLIST_KEY_UIApplicationSupportsIndirectInputEvents = YES;
				INFOPLIST_KEY_UILaunchStoryboardName = LaunchScreen;
				INFOPLIST_KEY_UIMainStoryboardFile = Main;
				INFOPLIST_KEY_UISupportedInterfaceOrientations_iPad = "UIInterfaceOrientationPortrait UIInterfaceOrientationPortraitUpsideDown UIInterfaceOrientationLandscapeLeft UIInterfaceOrientationLandscapeRight";
				INFOPLIST_KEY_UISupportedInterfaceOrientations_iPhone = "UIInterfaceOrientationPortrait UIInterfaceOrientationLandscapeLeft UIInterfaceOrientationLandscapeRight";
				IPHONEOS_DEPLOYMENT_TARGET = 14.0;
				LD_RUNPATH_SEARCH_PATHS = (
					"$(inherited)",
					"@executable_path/Frameworks",
				);
				MARKETING_VERSION = 1.0;
				PRODUCT_BUNDLE_IDENTIFIER = "com.demo.BMI-Calculator";
				PRODUCT_NAME = "$(TARGET_NAME)";
				SWIFT_EMIT_LOC_STRINGS = YES;
				SWIFT_VERSION = 5.0;
				TARGETED_DEVICE_FAMILY = "1,2";
			};
			name = Debug;
		};
		CE5C75782A277077002D41A4 /* Release */ = {
			isa = XCBuildConfiguration;
			buildSettings = {
				ASSETCATALOG_COMPILER_APPICON_NAME = AppIcon;
				ASSETCATALOG_COMPILER_GLOBAL_ACCENT_COLOR_NAME = AccentColor;
				CODE_SIGN_STYLE = Automatic;
				CURRENT_PROJECT_VERSION = 1;
				GENERATE_INFOPLIST_FILE = YES;
				INFOPLIST_FILE = "BMI Calculator/Info.plist";
				INFOPLIST_KEY_UIApplicationSupportsIndirectInputEvents = YES;
				INFOPLIST_KEY_UILaunchStoryboardName = LaunchScreen;
				INFOPLIST_KEY_UIMainStoryboardFile = Main;
				INFOPLIST_KEY_UISupportedInterfaceOrientations_iPad = "UIInterfaceOrientationPortrait UIInterfaceOrientationPortraitUpsideDown UIInterfaceOrientationLandscapeLeft UIInterfaceOrientationLandscapeRight";
				INFOPLIST_KEY_UISupportedInterfaceOrientations_iPhone = "UIInterfaceOrientationPortrait UIInterfaceOrientationLandscapeLeft UIInterfaceOrientationLandscapeRight";
				IPHONEOS_DEPLOYMENT_TARGET = 14.0;
				LD_RUNPATH_SEARCH_PATHS = (
					"$(inherited)",
					"@executable_path/Frameworks",
				);
				MARKETING_VERSION = 1.0;
				PRODUCT_BUNDLE_IDENTIFIER = "com.demo.BMI-Calculator";
				PRODUCT_NAME = "$(TARGET_NAME)";
				SWIFT_EMIT_LOC_STRINGS = YES;
				SWIFT_VERSION = 5.0;
				TARGETED_DEVICE_FAMILY = "1,2";
			};
			name = Release;
		};
		CE5C757A2A277077002D41A4 /* Debug */ = {
			isa = XCBuildConfiguration;
			buildSettings = {
				ALWAYS_EMBED_SWIFT_STANDARD_LIBRARIES = YES;
				BUNDLE_LOADER = "$(TEST_HOST)";
				CODE_SIGN_STYLE = Automatic;
				CURRENT_PROJECT_VERSION = 1;
				GENERATE_INFOPLIST_FILE = YES;
				IPHONEOS_DEPLOYMENT_TARGET = 16.1;
				MARKETING_VERSION = 1.0;
				PRODUCT_BUNDLE_IDENTIFIER = "com.demo.BMI-CalculatorTests";
				PRODUCT_NAME = "$(TARGET_NAME)";
				SWIFT_EMIT_LOC_STRINGS = NO;
				SWIFT_VERSION = 5.0;
				TARGETED_DEVICE_FAMILY = "1,2";
				TEST_HOST = "$(BUILT_PRODUCTS_DIR)/BMI Calculator.app/$(BUNDLE_EXECUTABLE_FOLDER_PATH)/BMI Calculator";
			};
			name = Debug;
		};
		CE5C757B2A277077002D41A4 /* Release */ = {
			isa = XCBuildConfiguration;
			buildSettings = {
				ALWAYS_EMBED_SWIFT_STANDARD_LIBRARIES = YES;
				BUNDLE_LOADER = "$(TEST_HOST)";
				CODE_SIGN_STYLE = Automatic;
				CURRENT_PROJECT_VERSION = 1;
				GENERATE_INFOPLIST_FILE = YES;
				IPHONEOS_DEPLOYMENT_TARGET = 16.1;
				MARKETING_VERSION = 1.0;
				PRODUCT_BUNDLE_IDENTIFIER = "com.demo.BMI-CalculatorTests";
				PRODUCT_NAME = "$(TARGET_NAME)";
				SWIFT_EMIT_LOC_STRINGS = NO;
				SWIFT_VERSION = 5.0;
				TARGETED_DEVICE_FAMILY = "1,2";
				TEST_HOST = "$(BUILT_PRODUCTS_DIR)/BMI Calculator.app/$(BUNDLE_EXECUTABLE_FOLDER_PATH)/BMI Calculator";
			};
			name = Release;
		};
		CE5C757D2A277077002D41A4 /* Debug */ = {
			isa = XCBuildConfiguration;
			buildSettings = {
				ALWAYS_EMBED_SWIFT_STANDARD_LIBRARIES = YES;
				CODE_SIGN_STYLE = Automatic;
				CURRENT_PROJECT_VERSION = 1;
				GENERATE_INFOPLIST_FILE = YES;
				MARKETING_VERSION = 1.0;
				PRODUCT_BUNDLE_IDENTIFIER = "com.demo.BMI-CalculatorUITests";
				PRODUCT_NAME = "$(TARGET_NAME)";
				SWIFT_EMIT_LOC_STRINGS = NO;
				SWIFT_VERSION = 5.0;
				TARGETED_DEVICE_FAMILY = "1,2";
				TEST_TARGET_NAME = "BMI Calculator";
			};
			name = Debug;
		};
		CE5C757E2A277077002D41A4 /* Release */ = {
			isa = XCBuildConfiguration;
			buildSettings = {
				ALWAYS_EMBED_SWIFT_STANDARD_LIBRARIES = YES;
				CODE_SIGN_STYLE = Automatic;
				CURRENT_PROJECT_VERSION = 1;
				GENERATE_INFOPLIST_FILE = YES;
				MARKETING_VERSION = 1.0;
				PRODUCT_BUNDLE_IDENTIFIER = "com.demo.BMI-CalculatorUITests";
				PRODUCT_NAME = "$(TARGET_NAME)";
				SWIFT_EMIT_LOC_STRINGS = NO;
				SWIFT_VERSION = 5.0;
				TARGETED_DEVICE_FAMILY = "1,2";
				TEST_TARGET_NAME = "BMI Calculator";
			};
			name = Release;
		};
/* End XCBuildConfiguration section */

/* Begin XCConfigurationList section */
		CE5C75472A277060002D41A4 /* Build configuration list for PBXProject "BMI Calculator" */ = {
			isa = XCConfigurationList;
			buildConfigurations = (
				CE5C75742A277077002D41A4 /* Debug */,
				CE5C75752A277077002D41A4 /* Release */,
			);
			defaultConfigurationIsVisible = 0;
			defaultConfigurationName = Release;
		};
		CE5C75762A277077002D41A4 /* Build configuration list for PBXNativeTarget "BMI Calculator" */ = {
			isa = XCConfigurationList;
			buildConfigurations = (
				CE5C75772A277077002D41A4 /* Debug */,
				CE5C75782A277077002D41A4 /* Release */,
			);
			defaultConfigurationIsVisible = 0;
			defaultConfigurationName = Release;
		};
		CE5C75792A277077002D41A4 /* Build configuration list for PBXNativeTarget "BMI CalculatorTests" */ = {
			isa = XCConfigurationList;
			buildConfigurations = (
				CE5C757A2A277077002D41A4 /* Debug */,
				CE5C757B2A277077002D41A4 /* Release */,
			);
			defaultConfigurationIsVisible = 0;
			defaultConfigurationName = Release;
		};
		CE5C757C2A277077002D41A4 /* Build configuration list for PBXNativeTarget "BMI CalculatorUITests" */ = {
			isa = XCConfigurationList;
			buildConfigurations = (
				CE5C757D2A277077002D41A4 /* Debug */,
				CE5C757E2A277077002D41A4 /* Release */,
			);
			defaultConfigurationIsVisible = 0;
			defaultConfigurationName = Release;
		};
/* End XCConfigurationList section */
	};
	rootObject = CE5C75442A277060002D41A4 /* Project object */;
}
